
Microsoft Visual Studio Solution File, Format Version 12.00
# Visual Studio Version 17
VisualStudioVersion = 17.14.36202.13
MinimumVisualStudioVersion = 10.0.40219.1
Project("{FAE04EC0-301F-11D3-BF4B-00C04F79EFBC}") = "TripleSumForEqualIntegers", "TripleSumForEqualIntegers.csproj", "{41F9340D-2B6C-4F83-9F87-F78E6AF8BCCE}"
EndProject
Project("{FAE04EC0-301F-11D3-BF4B-00C04F79EFBC}") = "AbsoluteDifferenceWithTripleForGreater", "..\AbsoluteDifferenceWithTripleForGreater\AbsoluteDifferenceWithTripleForGreater.csproj", "{9BD6C779-BDB6-4A20-9E95-CCC7BE2E5414}"
EndProject
Project("{FAE04EC0-301F-11D3-BF4B-00C04F79EFBC}") = "Check30OrSumEquals30", "..\Check30OrSumEquals30\Check30OrSumEquals30.csproj", "{2F82A330-E2EE-4234-BA06-15C1AEB388F8}"
EndProject
Project("{FAE04EC0-301F-11D3-BF4B-00C04F79EFBC}") = "Within10Of100Or200", "..\Within10Of100Or200\Within10Of100Or200.csproj", "{C14C926F-97BF-41F6-80F5-5A1E29946DD8}"
EndProject
Project("{FAE04EC0-301F-11D3-BF4B-00C04F79EFBC}") = "AddIfToStringIfAbsent", "..\AddIfToStringIfAbsent\AddIfToStringIfAbsent.csproj", "{174B6DF5-4889-40D3-ACE0-367CB3161DB2}"
EndProject
Project("{FAE04EC0-301F-11D3-BF4B-00C04F79EFBC}") = "RemoveCharacterAtPosition", "..\RemoveCharacterAtPosition\RemoveCharacterAtPosition.csproj", "{5B87C320-33F0-4DA1-ACD1-D35335C33FB8}"
EndProject
Project("{FAE04EC0-301F-11D3-BF4B-00C04F79EFBC}") = "ExchangeFirstAndLastCharacters", "..\ExchangeFirstAndLastCharacters\ExchangeFirstAndLastCharacters.csproj", "{BEBC4014-302A-4983-93D3-ABDBEEF7AE33}"
EndProject
Global
	GlobalSection(SolutionConfigurationPlatforms) = preSolution
		Debug|Any CPU = Debug|Any CPU
		Release|Any CPU = Release|Any CPU
	EndGlobalSection
	GlobalSection(ProjectConfigurationPlatforms) = postSolution
		{41F9340D-2B6C-4F83-9F87-F78E6AF8BCCE}.Debug|Any CPU.ActiveCfg = Debug|Any CPU
		{41F9340D-2B6C-4F83-9F87-F78E6AF8BCCE}.Debug|Any CPU.Build.0 = Debug|Any CPU
		{41F9340D-2B6C-4F83-9F87-F78E6AF8BCCE}.Release|Any CPU.ActiveCfg = Release|Any CPU
		{41F9340D-2B6C-4F83-9F87-F78E6AF8BCCE}.Release|Any CPU.Build.0 = Release|Any CPU
		{9BD6C779-BDB6-4A20-9E95-CCC7BE2E5414}.Debug|Any CPU.ActiveCfg = Debug|Any CPU
		{9BD6C779-BDB6-4A20-9E95-CCC7BE2E5414}.Debug|Any CPU.Build.0 = Debug|Any CPU
		{9BD6C779-BDB6-4A20-9E95-CCC7BE2E5414}.Release|Any CPU.ActiveCfg = Release|Any CPU
		{9BD6C779-BDB6-4A20-9E95-CCC7BE2E5414}.Release|Any CPU.Build.0 = Release|Any CPU
		{2F82A330-E2EE-4234-BA06-15C1AEB388F8}.Debug|Any CPU.ActiveCfg = Debug|Any CPU
		{2F82A330-E2EE-4234-BA06-15C1AEB388F8}.Debug|Any CPU.Build.0 = Debug|Any CPU
		{2F82A330-E2EE-4234-BA06-15C1AEB388F8}.Release|Any CPU.ActiveCfg = Release|Any CPU
		{2F82A330-E2EE-4234-BA06-15C1AEB388F8}.Release|Any CPU.Build.0 = Release|Any CPU
		{C14C926F-97BF-41F6-80F5-5A1E29946DD8}.Debug|Any CPU.ActiveCfg = Debug|Any CPU
		{C14C926F-97BF-41F6-80F5-5A1E29946DD8}.Debug|Any CPU.Build.0 = Debug|Any CPU
		{C14C926F-97BF-41F6-80F5-5A1E29946DD8}.Release|Any CPU.ActiveCfg = Release|Any CPU
		{C14C926F-97BF-41F6-80F5-5A1E29946DD8}.Release|Any CPU.Build.0 = Release|Any CPU
		{174B6DF5-4889-40D3-ACE0-367CB3161DB2}.Debug|Any CPU.ActiveCfg = Debug|Any CPU
		{174B6DF5-4889-40D3-ACE0-367CB3161DB2}.Debug|Any CPU.Build.0 = Debug|Any CPU
		{174B6DF5-4889-40D3-ACE0-367CB3161DB2}.Release|Any CPU.ActiveCfg = Release|Any CPU
		{174B6DF5-4889-40D3-ACE0-367CB3161DB2}.Release|Any CPU.Build.0 = Release|Any CPU
		{5B87C320-33F0-4DA1-ACD1-D35335C33FB8}.Debug|Any CPU.ActiveCfg = Debug|Any CPU
		{5B87C320-33F0-4DA1-ACD1-D35335C33FB8}.Debug|Any CPU.Build.0 = Debug|Any CPU
		{5B87C320-33F0-4DA1-ACD1-D35335C33FB8}.Release|Any CPU.ActiveCfg = Release|Any CPU
		{5B87C320-33F0-4DA1-ACD1-D35335C33FB8}.Release|Any CPU.Build.0 = Release|Any CPU
		{BEBC4014-302A-4983-93D3-ABDBEEF7AE33}.Debug|Any CPU.ActiveCfg = Debug|Any CPU
		{BEBC4014-302A-4983-93D3-ABDBEEF7AE33}.Debug|Any CPU.Build.0 = Debug|Any CPU
		{BEBC4014-302A-4983-93D3-ABDBEEF7AE33}.Release|Any CPU.ActiveCfg = Release|Any CPU
		{BEBC4014-302A-4983-93D3-ABDBEEF7AE33}.Release|Any CPU.Build.0 = Release|Any CPU
	EndGlobalSection
	GlobalSection(SolutionProperties) = preSolution
		HideSolutionNode = FALSE
	EndGlobalSection
	GlobalSection(ExtensibilityGlobals) = postSolution
		SolutionGuid = {21219DC2-63D1-4BB9-B4B5-FCBCFC11C22B}
	EndGlobalSection
EndGlobal
